
Microsoft Visual Studio Solution File, Format Version 12.00
# Visual Studio Version 17
VisualStudioVersion = 17.3.32929.385
MinimumVisualStudioVersion = 10.0.40219.1
Project("{FAE04EC0-301F-11D3-BF4B-00C04F79EFBC}") = "V2ray Account cracker", "V2ray Account cracker\V2ray Account cracker.csproj", "{0C2B49BD-F216-4315-9E32-C16326499D31}"
EndProject
Global
	GlobalSection(SolutionConfigurationPlatforms) = preSolution
		Debug|Any CPU = Debug|Any CPU
		Release|Any CPU = Release|Any CPU
	EndGlobalSection
	GlobalSection(ProjectConfigurationPlatforms) = postSolution
		{0C2B49BD-F216-4315-9E32-C16326499D31}.Debug|Any CPU.ActiveCfg = Debug|Any CPU
		{0C2B49BD-F216-4315-9E32-C16326499D31}.Debug|Any CPU.Build.0 = Debug|Any CPU
		{0C2B49BD-F216-4315-9E32-C16326499D31}.Release|Any CPU.ActiveCfg = Release|Any CPU
		{0C2B49BD-F216-4315-9E32-C16326499D31}.Release|Any CPU.Build.0 = Release|Any CPU
	EndGlobalSection
	GlobalSection(SolutionProperties) = preSolution
		HideSolutionNode = FALSE
	EndGlobalSection
	GlobalSection(ExtensibilityGlobals) = postSolution
		SolutionGuid = {595E95CA-8AD5-485C-BD04-493D7EF904AB}
	EndGlobalSection
EndGlobal
